// !$*UTF8*$!
{
	archiveVersion = 1;
	classes = {
	};
	objectVersion = 60;
	objects = {

/* Begin PBXBuildFile section */
		6D0811B92C2EB0AD009B3894 /* TransportAPIStore.swift in Sources */ = {isa = PBXBuildFile; fileRef = 6D0811B82C2EB0AD009B3894 /* TransportAPIStore.swift */; };
		6D0811BC2C2EB400009B3894 /* TransportBusUseCase.swift in Sources */ = {isa = PBXBuildFile; fileRef = 6D0811BB2C2EB400009B3894 /* TransportBusUseCase.swift */; };
		6D0811C12C2EBDFB009B3894 /* TransportBusUseCaseTests.swift in Sources */ = {isa = PBXBuildFile; fileRef = 6D0811C02C2EBDFB009B3894 /* TransportBusUseCaseTests.swift */; };
		6D0811C52C2EC9B6009B3894 /* BusAPIXMLParser.swift in Sources */ = {isa = PBXBuildFile; fileRef = 6D0811C42C2EC9B6009B3894 /* BusAPIXMLParser.swift */; };
		6D0811C92C2ECA24009B3894 /* BusAPIResponse.swift in Sources */ = {isa = PBXBuildFile; fileRef = 6D0811C82C2ECA24009B3894 /* BusAPIResponse.swift */; };
		6D0811CB2C2EF838009B3894 /* StationAPIResponse.swift in Sources */ = {isa = PBXBuildFile; fileRef = 6D0811CA2C2EF838009B3894 /* StationAPIResponse.swift */; };
		6D0811CD2C2EF8B7009B3894 /* OpenAPIResponse.swift in Sources */ = {isa = PBXBuildFile; fileRef = 6D0811CC2C2EF8B7009B3894 /* OpenAPIResponse.swift */; };
		6D0811CF2C2EFA54009B3894 /* StationAPIXMLParser.swift in Sources */ = {isa = PBXBuildFile; fileRef = 6D0811CE2C2EFA54009B3894 /* StationAPIXMLParser.swift */; };
		6D0811D12C2EFB6F009B3894 /* TransportStationUseCase.swift in Sources */ = {isa = PBXBuildFile; fileRef = 6D0811D02C2EFB6F009B3894 /* TransportStationUseCase.swift */; };
		6D4C2FCB2C30036E009CC4E7 /* PrimusTests.swift in Sources */ = {isa = PBXBuildFile; fileRef = 6D4C2FCA2C30036E009CC4E7 /* PrimusTests.swift */; };
		6D4C2FCD2C3058EB009CC4E7 /* BusRouteReducer.swift in Sources */ = {isa = PBXBuildFile; fileRef = 6D4C2FCC2C3058E7009CC4E7 /* BusRouteReducer.swift */; };
		6D4C2FCF2C305900009CC4E7 /* BusRouteState.swift in Sources */ = {isa = PBXBuildFile; fileRef = 6D4C2FCE2C3058FB009CC4E7 /* BusRouteState.swift */; };
		6D6616062C2F288F00CEB79B /* KakaoMapsSDK-SPM in Frameworks */ = {isa = PBXBuildFile; productRef = 6D6616052C2F288F00CEB79B /* KakaoMapsSDK-SPM */; };
		6D66160D2C2F28E900CEB79B /* MainNavigationView.swift in Sources */ = {isa = PBXBuildFile; fileRef = 6D6616082C2F28E900CEB79B /* MainNavigationView.swift */; };
		6D66160F2C2F28E900CEB79B /* MainView.swift in Sources */ = {isa = PBXBuildFile; fileRef = 6D66160B2C2F28E900CEB79B /* MainView.swift */; };
		6D6616102C2F28E900CEB79B /* MainTabView.swift in Sources */ = {isa = PBXBuildFile; fileRef = 6D66160A2C2F28E900CEB79B /* MainTabView.swift */; };
		6D6616112C2F28E900CEB79B /* MainTabBarView.swift in Sources */ = {isa = PBXBuildFile; fileRef = 6D6616092C2F28E900CEB79B /* MainTabBarView.swift */; };
		6D6616162C2F290100CEB79B /* NaverMap.swift in Sources */ = {isa = PBXBuildFile; fileRef = 6D6616122C2F290100CEB79B /* NaverMap.swift */; };
		6D6616182C2F290100CEB79B /* TransportMainView.swift in Sources */ = {isa = PBXBuildFile; fileRef = 6D6616142C2F290100CEB79B /* TransportMainView.swift */; };
		6D847C3D2C2C5A8C002C8E09 /* primusApp.swift in Sources */ = {isa = PBXBuildFile; fileRef = 6D847C3C2C2C5A8C002C8E09 /* primusApp.swift */; };
		6D847C3F2C2C5A8C002C8E09 /* ContentView.swift in Sources */ = {isa = PBXBuildFile; fileRef = 6D847C3E2C2C5A8C002C8E09 /* ContentView.swift */; };
		6D847C412C2C5A8C002C8E09 /* Item.swift in Sources */ = {isa = PBXBuildFile; fileRef = 6D847C402C2C5A8C002C8E09 /* Item.swift */; };
		6D847C432C2C5A8E002C8E09 /* Assets.xcassets in Resources */ = {isa = PBXBuildFile; fileRef = 6D847C422C2C5A8E002C8E09 /* Assets.xcassets */; };
		6D847C462C2C5A8E002C8E09 /* Preview Assets.xcassets in Resources */ = {isa = PBXBuildFile; fileRef = 6D847C452C2C5A8E002C8E09 /* Preview Assets.xcassets */; };
		6D847C502C2C5A8E002C8E09 /* primusTests.swift in Sources */ = {isa = PBXBuildFile; fileRef = 6D847C4F2C2C5A8E002C8E09 /* primusTests.swift */; };
		6D847C5A2C2C5A8E002C8E09 /* primusUITests.swift in Sources */ = {isa = PBXBuildFile; fileRef = 6D847C592C2C5A8E002C8E09 /* primusUITests.swift */; };
		6D847C5C2C2C5A8E002C8E09 /* primusUITestsLaunchTests.swift in Sources */ = {isa = PBXBuildFile; fileRef = 6D847C5B2C2C5A8E002C8E09 /* primusUITestsLaunchTests.swift */; };
		6D847C6C2C2C5CC9002C8E09 /* ComposableArchitecture in Frameworks */ = {isa = PBXBuildFile; productRef = 6D847C6B2C2C5CC9002C8E09 /* ComposableArchitecture */; };
		6D847C732C2C6A5D002C8E09 /* MainTabStore.swift in Sources */ = {isa = PBXBuildFile; fileRef = 6D847C722C2C6A5D002C8E09 /* MainTabStore.swift */; };
		6D847C772C2C6E22002C8E09 /* CommunityMainView.swift in Sources */ = {isa = PBXBuildFile; fileRef = 6D847C762C2C6E22002C8E09 /* CommunityMainView.swift */; };
		6D847C7B2C2C6E69002C8E09 /* StatusCheckMainView.swift in Sources */ = {isa = PBXBuildFile; fileRef = 6D847C7A2C2C6E69002C8E09 /* StatusCheckMainView.swift */; };
		6DFF6CD62C2F341900D12097 /* Coordinator.swift in Sources */ = {isa = PBXBuildFile; fileRef = 6DFF6CD52C2F341900D12097 /* Coordinator.swift */; };
		6DFF6CD82C2F345100D12097 /* NMapsMap in Frameworks */ = {isa = PBXBuildFile; productRef = 6DFF6CD72C2F345100D12097 /* NMapsMap */; };
/* End PBXBuildFile section */

/* Begin PBXContainerItemProxy section */
		6D847C4C2C2C5A8E002C8E09 /* PBXContainerItemProxy */ = {
			isa = PBXContainerItemProxy;
			containerPortal = 6D847C312C2C5A8C002C8E09 /* Project object */;
			proxyType = 1;
			remoteGlobalIDString = 6D847C382C2C5A8C002C8E09;
			remoteInfo = primus;
		};
		6D847C562C2C5A8E002C8E09 /* PBXContainerItemProxy */ = {
			isa = PBXContainerItemProxy;
			containerPortal = 6D847C312C2C5A8C002C8E09 /* Project object */;
			proxyType = 1;
			remoteGlobalIDString = 6D847C382C2C5A8C002C8E09;
			remoteInfo = primus;
		};
/* End PBXContainerItemProxy section */

/* Begin PBXFileReference section */
		6D0811B82C2EB0AD009B3894 /* TransportAPIStore.swift */ = {isa = PBXFileReference; lastKnownFileType = sourcecode.swift; path = TransportAPIStore.swift; sourceTree = "<group>"; };
		6D0811BB2C2EB400009B3894 /* TransportBusUseCase.swift */ = {isa = PBXFileReference; lastKnownFileType = sourcecode.swift; path = TransportBusUseCase.swift; sourceTree = "<group>"; };
		6D0811BD2C2EB7CC009B3894 /* Info.plist */ = {isa = PBXFileReference; lastKnownFileType = text.plist; path = Info.plist; sourceTree = "<group>"; };
		6D0811C02C2EBDFB009B3894 /* TransportBusUseCaseTests.swift */ = {isa = PBXFileReference; lastKnownFileType = sourcecode.swift; path = TransportBusUseCaseTests.swift; sourceTree = "<group>"; };
		6D0811C42C2EC9B6009B3894 /* BusAPIXMLParser.swift */ = {isa = PBXFileReference; lastKnownFileType = sourcecode.swift; path = BusAPIXMLParser.swift; sourceTree = "<group>"; };
		6D0811C82C2ECA24009B3894 /* BusAPIResponse.swift */ = {isa = PBXFileReference; lastKnownFileType = sourcecode.swift; path = BusAPIResponse.swift; sourceTree = "<group>"; };
		6D0811CA2C2EF838009B3894 /* StationAPIResponse.swift */ = {isa = PBXFileReference; lastKnownFileType = sourcecode.swift; path = StationAPIResponse.swift; sourceTree = "<group>"; };
		6D0811CC2C2EF8B7009B3894 /* OpenAPIResponse.swift */ = {isa = PBXFileReference; lastKnownFileType = sourcecode.swift; path = OpenAPIResponse.swift; sourceTree = "<group>"; };
		6D0811CE2C2EFA54009B3894 /* StationAPIXMLParser.swift */ = {isa = PBXFileReference; lastKnownFileType = sourcecode.swift; path = StationAPIXMLParser.swift; sourceTree = "<group>"; };
		6D0811D02C2EFB6F009B3894 /* TransportStationUseCase.swift */ = {isa = PBXFileReference; lastKnownFileType = sourcecode.swift; path = TransportStationUseCase.swift; sourceTree = "<group>"; };
		6D2AE6932C2EA3F900D2F841 /* Secret.xcconfig */ = {isa = PBXFileReference; lastKnownFileType = text.xcconfig; path = Secret.xcconfig; sourceTree = "<group>"; };
		6D4C2FCA2C30036E009CC4E7 /* PrimusTests.swift */ = {isa = PBXFileReference; lastKnownFileType = sourcecode.swift; path = PrimusTests.swift; sourceTree = "<group>"; };
		6D4C2FCC2C3058E7009CC4E7 /* BusRouteReducer.swift */ = {isa = PBXFileReference; lastKnownFileType = sourcecode.swift; path = BusRouteReducer.swift; sourceTree = "<group>"; };
		6D4C2FCE2C3058FB009CC4E7 /* BusRouteState.swift */ = {isa = PBXFileReference; lastKnownFileType = sourcecode.swift; path = BusRouteState.swift; sourceTree = "<group>"; };
		6D6616082C2F28E900CEB79B /* MainNavigationView.swift */ = {isa = PBXFileReference; lastKnownFileType = sourcecode.swift; path = MainNavigationView.swift; sourceTree = "<group>"; };
		6D6616092C2F28E900CEB79B /* MainTabBarView.swift */ = {isa = PBXFileReference; lastKnownFileType = sourcecode.swift; path = MainTabBarView.swift; sourceTree = "<group>"; };
		6D66160A2C2F28E900CEB79B /* MainTabView.swift */ = {isa = PBXFileReference; lastKnownFileType = sourcecode.swift; path = MainTabView.swift; sourceTree = "<group>"; };
		6D66160B2C2F28E900CEB79B /* MainView.swift */ = {isa = PBXFileReference; lastKnownFileType = sourcecode.swift; path = MainView.swift; sourceTree = "<group>"; };
		6D6616122C2F290100CEB79B /* NaverMap.swift */ = {isa = PBXFileReference; lastKnownFileType = sourcecode.swift; path = NaverMap.swift; sourceTree = "<group>"; };
		6D6616142C2F290100CEB79B /* TransportMainView.swift */ = {isa = PBXFileReference; lastKnownFileType = sourcecode.swift; path = TransportMainView.swift; sourceTree = "<group>"; };
		6D847C392C2C5A8C002C8E09 /* primus.app */ = {isa = PBXFileReference; explicitFileType = wrapper.application; includeInIndex = 0; path = primus.app; sourceTree = BUILT_PRODUCTS_DIR; };
		6D847C3C2C2C5A8C002C8E09 /* primusApp.swift */ = {isa = PBXFileReference; lastKnownFileType = sourcecode.swift; path = primusApp.swift; sourceTree = "<group>"; };
		6D847C3E2C2C5A8C002C8E09 /* ContentView.swift */ = {isa = PBXFileReference; lastKnownFileType = sourcecode.swift; path = ContentView.swift; sourceTree = "<group>"; };
		6D847C402C2C5A8C002C8E09 /* Item.swift */ = {isa = PBXFileReference; lastKnownFileType = sourcecode.swift; path = Item.swift; sourceTree = "<group>"; };
		6D847C422C2C5A8E002C8E09 /* Assets.xcassets */ = {isa = PBXFileReference; lastKnownFileType = folder.assetcatalog; path = Assets.xcassets; sourceTree = "<group>"; };
		6D847C452C2C5A8E002C8E09 /* Preview Assets.xcassets */ = {isa = PBXFileReference; lastKnownFileType = folder.assetcatalog; path = "Preview Assets.xcassets"; sourceTree = "<group>"; };
		6D847C4B2C2C5A8E002C8E09 /* primusTests.xctest */ = {isa = PBXFileReference; explicitFileType = wrapper.cfbundle; includeInIndex = 0; path = primusTests.xctest; sourceTree = BUILT_PRODUCTS_DIR; };
		6D847C4F2C2C5A8E002C8E09 /* primusTests.swift */ = {isa = PBXFileReference; lastKnownFileType = sourcecode.swift; path = primusTests.swift; sourceTree = "<group>"; };
		6D847C552C2C5A8E002C8E09 /* primusUITests.xctest */ = {isa = PBXFileReference; explicitFileType = wrapper.cfbundle; includeInIndex = 0; path = primusUITests.xctest; sourceTree = BUILT_PRODUCTS_DIR; };
		6D847C592C2C5A8E002C8E09 /* primusUITests.swift */ = {isa = PBXFileReference; lastKnownFileType = sourcecode.swift; path = primusUITests.swift; sourceTree = "<group>"; };
		6D847C5B2C2C5A8E002C8E09 /* primusUITestsLaunchTests.swift */ = {isa = PBXFileReference; lastKnownFileType = sourcecode.swift; path = primusUITestsLaunchTests.swift; sourceTree = "<group>"; };
		6D847C682C2C5ABD002C8E09 /* .gitignore */ = {isa = PBXFileReference; lastKnownFileType = text; path = .gitignore; sourceTree = "<group>"; };
		6D847C722C2C6A5D002C8E09 /* MainTabStore.swift */ = {isa = PBXFileReference; lastKnownFileType = sourcecode.swift; path = MainTabStore.swift; sourceTree = "<group>"; };
		6D847C762C2C6E22002C8E09 /* CommunityMainView.swift */ = {isa = PBXFileReference; lastKnownFileType = sourcecode.swift; path = CommunityMainView.swift; sourceTree = "<group>"; };
		6D847C7A2C2C6E69002C8E09 /* StatusCheckMainView.swift */ = {isa = PBXFileReference; lastKnownFileType = sourcecode.swift; path = StatusCheckMainView.swift; sourceTree = "<group>"; };
		6DFF6CD52C2F341900D12097 /* Coordinator.swift */ = {isa = PBXFileReference; lastKnownFileType = sourcecode.swift; path = Coordinator.swift; sourceTree = "<group>"; };
/* End PBXFileReference section */

/* Begin PBXFrameworksBuildPhase section */
		6D847C362C2C5A8C002C8E09 /* Frameworks */ = {
			isa = PBXFrameworksBuildPhase;
			buildActionMask = 2147483647;
			files = (
				6D847C6C2C2C5CC9002C8E09 /* ComposableArchitecture in Frameworks */,
				6DFF6CD82C2F345100D12097 /* NMapsMap in Frameworks */,
				6D6616062C2F288F00CEB79B /* KakaoMapsSDK-SPM in Frameworks */,
			);
			runOnlyForDeploymentPostprocessing = 0;
		};
		6D847C482C2C5A8E002C8E09 /* Frameworks */ = {
			isa = PBXFrameworksBuildPhase;
			buildActionMask = 2147483647;
			files = (
			);
			runOnlyForDeploymentPostprocessing = 0;
		};
		6D847C522C2C5A8E002C8E09 /* Frameworks */ = {
			isa = PBXFrameworksBuildPhase;
			buildActionMask = 2147483647;
			files = (
			);
			runOnlyForDeploymentPostprocessing = 0;
		};
/* End PBXFrameworksBuildPhase section */

/* Begin PBXGroup section */
		6D0811BA2C2EB3D4009B3894 /* Transport */ = {
			isa = PBXGroup;
			children = (
				6D0811BB2C2EB400009B3894 /* TransportBusUseCase.swift */,
				6D0811D02C2EFB6F009B3894 /* TransportStationUseCase.swift */,
			);
			path = Transport;
			sourceTree = "<group>";
		};
		6D0811BE2C2EBDAA009B3894 /* IntegrationTests */ = {
			isa = PBXGroup;
			children = (
				6D0811C02C2EBDFB009B3894 /* TransportBusUseCaseTests.swift */,
			);
			path = IntegrationTests;
			sourceTree = "<group>";
		};
		6D0811BF2C2EBDBB009B3894 /* UniTests */ = {
			isa = PBXGroup;
			children = (
				6D4C2FCA2C30036E009CC4E7 /* PrimusTests.swift */,
			);
			path = UniTests;
			sourceTree = "<group>";
		};
		6D0811C22C2EC996009B3894 /* Service */ = {
			isa = PBXGroup;
			children = (
				6D0811C32C2EC9A4009B3894 /* Transport */,
			);
			path = Service;
			sourceTree = "<group>";
		};
		6D0811C32C2EC9A4009B3894 /* Transport */ = {
			isa = PBXGroup;
			children = (
				6D0811C42C2EC9B6009B3894 /* BusAPIXMLParser.swift */,
				6D0811CE2C2EFA54009B3894 /* StationAPIXMLParser.swift */,
			);
			path = Transport;
			sourceTree = "<group>";
		};
		6D0811C62C2EC9ED009B3894 /* State */ = {
			isa = PBXGroup;
			children = (
				6D0811C72C2EC9F8009B3894 /* Transport */,
			);
			path = State;
			sourceTree = "<group>";
		};
		6D0811C72C2EC9F8009B3894 /* Transport */ = {
			isa = PBXGroup;
			children = (
				6D0811C82C2ECA24009B3894 /* BusAPIResponse.swift */,
				6D0811CA2C2EF838009B3894 /* StationAPIResponse.swift */,
				6D0811CC2C2EF8B7009B3894 /* OpenAPIResponse.swift */,
				6D4C2FCE2C3058FB009CC4E7 /* BusRouteState.swift */,
			);
			path = Transport;
			sourceTree = "<group>";
		};
		6D66160C2C2F28E900CEB79B /* Main */ = {
			isa = PBXGroup;
			children = (
				6D6616082C2F28E900CEB79B /* MainNavigationView.swift */,
				6D6616092C2F28E900CEB79B /* MainTabBarView.swift */,
				6D66160A2C2F28E900CEB79B /* MainTabView.swift */,
				6D66160B2C2F28E900CEB79B /* MainView.swift */,
			);
			path = Main;
			sourceTree = "<group>";
		};
		6D6616152C2F290100CEB79B /* Transport */ = {
			isa = PBXGroup;
			children = (
				6D6616122C2F290100CEB79B /* NaverMap.swift */,
				6D6616142C2F290100CEB79B /* TransportMainView.swift */,
				6DFF6CD52C2F341900D12097 /* Coordinator.swift */,
			);
			path = Transport;
			sourceTree = "<group>";
		};
		6D847C302C2C5A8C002C8E09 = {
			isa = PBXGroup;
			children = (
				6D2AE6932C2EA3F900D2F841 /* Secret.xcconfig */,
				6D847C682C2C5ABD002C8E09 /* .gitignore */,
				6D847C3B2C2C5A8C002C8E09 /* primus */,
				6D847C4E2C2C5A8E002C8E09 /* primusTests */,
				6D847C582C2C5A8E002C8E09 /* primusUITests */,
				6D847C3A2C2C5A8C002C8E09 /* Products */,
				6D847C6A2C2C5CC9002C8E09 /* Frameworks */,
			);
			sourceTree = "<group>";
		};
		6D847C3A2C2C5A8C002C8E09 /* Products */ = {
			isa = PBXGroup;
			children = (
				6D847C392C2C5A8C002C8E09 /* primus.app */,
				6D847C4B2C2C5A8E002C8E09 /* primusTests.xctest */,
				6D847C552C2C5A8E002C8E09 /* primusUITests.xctest */,
			);
			name = Products;
			sourceTree = "<group>";
		};
		6D847C3B2C2C5A8C002C8E09 /* primus */ = {
			isa = PBXGroup;
			children = (
				6D0811BD2C2EB7CC009B3894 /* Info.plist */,
				6D0811C62C2EC9ED009B3894 /* State */,
				6D0811C22C2EC996009B3894 /* Service */,
				6D847C712C2C6A17002C8E09 /* Store */,
				6D847C702C2C6A04002C8E09 /* UseCase */,
				6D847C6D2C2C6230002C8E09 /* View */,
				6D847C3C2C2C5A8C002C8E09 /* primusApp.swift */,
				6D847C3E2C2C5A8C002C8E09 /* ContentView.swift */,
				6D847C402C2C5A8C002C8E09 /* Item.swift */,
				6D847C422C2C5A8E002C8E09 /* Assets.xcassets */,
				6D847C442C2C5A8E002C8E09 /* Preview Content */,
			);
			path = primus;
			sourceTree = "<group>";
		};
		6D847C442C2C5A8E002C8E09 /* Preview Content */ = {
			isa = PBXGroup;
			children = (
				6D847C452C2C5A8E002C8E09 /* Preview Assets.xcassets */,
			);
			path = "Preview Content";
			sourceTree = "<group>";
		};
		6D847C4E2C2C5A8E002C8E09 /* primusTests */ = {
			isa = PBXGroup;
			children = (
				6D0811BF2C2EBDBB009B3894 /* UniTests */,
				6D0811BE2C2EBDAA009B3894 /* IntegrationTests */,
				6D847C4F2C2C5A8E002C8E09 /* primusTests.swift */,
			);
			path = primusTests;
			sourceTree = "<group>";
		};
		6D847C582C2C5A8E002C8E09 /* primusUITests */ = {
			isa = PBXGroup;
			children = (
				6D847C592C2C5A8E002C8E09 /* primusUITests.swift */,
				6D847C5B2C2C5A8E002C8E09 /* primusUITestsLaunchTests.swift */,
			);
			path = primusUITests;
			sourceTree = "<group>";
		};
		6D847C6A2C2C5CC9002C8E09 /* Frameworks */ = {
			isa = PBXGroup;
			children = (
			);
			name = Frameworks;
			sourceTree = "<group>";
		};
		6D847C6D2C2C6230002C8E09 /* View */ = {
			isa = PBXGroup;
			children = (
				6D6616152C2F290100CEB79B /* Transport */,
				6D66160C2C2F28E900CEB79B /* Main */,
				6D847C7A2C2C6E69002C8E09 /* StatusCheckMainView.swift */,
				6D847C762C2C6E22002C8E09 /* CommunityMainView.swift */,
			);
			path = View;
			sourceTree = "<group>";
		};
		6D847C702C2C6A04002C8E09 /* UseCase */ = {
			isa = PBXGroup;
			children = (
				6D0811BA2C2EB3D4009B3894 /* Transport */,
			);
			path = UseCase;
			sourceTree = "<group>";
		};
		6D847C712C2C6A17002C8E09 /* Store */ = {
			isa = PBXGroup;
			children = (
				6D4C2FCC2C3058E7009CC4E7 /* BusRouteReducer.swift */,
				6D847C722C2C6A5D002C8E09 /* MainTabStore.swift */,
				6D0811B82C2EB0AD009B3894 /* TransportAPIStore.swift */,
			);
			path = Store;
			sourceTree = "<group>";
		};
/* End PBXGroup section */

/* Begin PBXNativeTarget section */
		6D847C382C2C5A8C002C8E09 /* primus */ = {
			isa = PBXNativeTarget;
			buildConfigurationList = 6D847C5F2C2C5A8E002C8E09 /* Build configuration list for PBXNativeTarget "primus" */;
			buildPhases = (
				6D847C352C2C5A8C002C8E09 /* Sources */,
				6D847C362C2C5A8C002C8E09 /* Frameworks */,
				6D847C372C2C5A8C002C8E09 /* Resources */,
			);
			buildRules = (
			);
			dependencies = (
			);
			name = primus;
			packageProductDependencies = (
				6D847C6B2C2C5CC9002C8E09 /* ComposableArchitecture */,
				6D6616052C2F288F00CEB79B /* KakaoMapsSDK-SPM */,
				6DFF6CD72C2F345100D12097 /* NMapsMap */,
			);
			productName = primus;
			productReference = 6D847C392C2C5A8C002C8E09 /* primus.app */;
			productType = "com.apple.product-type.application";
		};
		6D847C4A2C2C5A8E002C8E09 /* primusTests */ = {
			isa = PBXNativeTarget;
			buildConfigurationList = 6D847C622C2C5A8E002C8E09 /* Build configuration list for PBXNativeTarget "primusTests" */;
			buildPhases = (
				6D847C472C2C5A8E002C8E09 /* Sources */,
				6D847C482C2C5A8E002C8E09 /* Frameworks */,
				6D847C492C2C5A8E002C8E09 /* Resources */,
			);
			buildRules = (
			);
			dependencies = (
				6D847C4D2C2C5A8E002C8E09 /* PBXTargetDependency */,
			);
			name = primusTests;
			productName = primusTests;
			productReference = 6D847C4B2C2C5A8E002C8E09 /* primusTests.xctest */;
			productType = "com.apple.product-type.bundle.unit-test";
		};
		6D847C542C2C5A8E002C8E09 /* primusUITests */ = {
			isa = PBXNativeTarget;
			buildConfigurationList = 6D847C652C2C5A8E002C8E09 /* Build configuration list for PBXNativeTarget "primusUITests" */;
			buildPhases = (
				6D847C512C2C5A8E002C8E09 /* Sources */,
				6D847C522C2C5A8E002C8E09 /* Frameworks */,
				6D847C532C2C5A8E002C8E09 /* Resources */,
			);
			buildRules = (
			);
			dependencies = (
				6D847C572C2C5A8E002C8E09 /* PBXTargetDependency */,
			);
			name = primusUITests;
			productName = primusUITests;
			productReference = 6D847C552C2C5A8E002C8E09 /* primusUITests.xctest */;
			productType = "com.apple.product-type.bundle.ui-testing";
		};
/* End PBXNativeTarget section */

/* Begin PBXProject section */
		6D847C312C2C5A8C002C8E09 /* Project object */ = {
			isa = PBXProject;
			attributes = {
				BuildIndependentTargetsInParallel = 1;
				LastSwiftUpdateCheck = 1600;
				LastUpgradeCheck = 1600;
				TargetAttributes = {
					6D847C382C2C5A8C002C8E09 = {
						CreatedOnToolsVersion = 16.0;
					};
					6D847C4A2C2C5A8E002C8E09 = {
						CreatedOnToolsVersion = 16.0;
						TestTargetID = 6D847C382C2C5A8C002C8E09;
					};
					6D847C542C2C5A8E002C8E09 = {
						CreatedOnToolsVersion = 16.0;
						TestTargetID = 6D847C382C2C5A8C002C8E09;
					};
				};
			};
			buildConfigurationList = 6D847C342C2C5A8C002C8E09 /* Build configuration list for PBXProject "primus" */;
			compatibilityVersion = "Xcode 15.0";
			developmentRegion = en;
			hasScannedForEncodings = 0;
			knownRegions = (
				en,
				Base,
			);
			mainGroup = 6D847C302C2C5A8C002C8E09;
			packageReferences = (
				6D847C692C2C5CB2002C8E09 /* XCRemoteSwiftPackageReference "swift-composable-architecture" */,
				6D6616042C2F288F00CEB79B /* XCRemoteSwiftPackageReference "KakaoMapsSDK-SPM" */,
				6DFF6CD42C2F335600D12097 /* XCRemoteSwiftPackageReference "NMapsMap" */,
			);
			productRefGroup = 6D847C3A2C2C5A8C002C8E09 /* Products */;
			projectDirPath = "";
			projectRoot = "";
			targets = (
				6D847C382C2C5A8C002C8E09 /* primus */,
				6D847C4A2C2C5A8E002C8E09 /* primusTests */,
				6D847C542C2C5A8E002C8E09 /* primusUITests */,
			);
		};
/* End PBXProject section */

/* Begin PBXResourcesBuildPhase section */
		6D847C372C2C5A8C002C8E09 /* Resources */ = {
			isa = PBXResourcesBuildPhase;
			buildActionMask = 2147483647;
			files = (
				6D847C462C2C5A8E002C8E09 /* Preview Assets.xcassets in Resources */,
				6D847C432C2C5A8E002C8E09 /* Assets.xcassets in Resources */,
			);
			runOnlyForDeploymentPostprocessing = 0;
		};
		6D847C492C2C5A8E002C8E09 /* Resources */ = {
			isa = PBXResourcesBuildPhase;
			buildActionMask = 2147483647;
			files = (
			);
			runOnlyForDeploymentPostprocessing = 0;
		};
		6D847C532C2C5A8E002C8E09 /* Resources */ = {
			isa = PBXResourcesBuildPhase;
			buildActionMask = 2147483647;
			files = (
			);
			runOnlyForDeploymentPostprocessing = 0;
		};
/* End PBXResourcesBuildPhase section */

/* Begin PBXSourcesBuildPhase section */
		6D847C352C2C5A8C002C8E09 /* Sources */ = {
			isa = PBXSourcesBuildPhase;
			buildActionMask = 2147483647;
			files = (
				6D847C3F2C2C5A8C002C8E09 /* ContentView.swift in Sources */,
				6D0811B92C2EB0AD009B3894 /* TransportAPIStore.swift in Sources */,
				6D847C412C2C5A8C002C8E09 /* Item.swift in Sources */,
				6D0811CD2C2EF8B7009B3894 /* OpenAPIResponse.swift in Sources */,
				6D0811C52C2EC9B6009B3894 /* BusAPIXMLParser.swift in Sources */,
				6D847C772C2C6E22002C8E09 /* CommunityMainView.swift in Sources */,
				6D4C2FCF2C305900009CC4E7 /* BusRouteState.swift in Sources */,
				6D0811CF2C2EFA54009B3894 /* StationAPIXMLParser.swift in Sources */,
				6D0811D12C2EFB6F009B3894 /* TransportStationUseCase.swift in Sources */,
				6D847C3D2C2C5A8C002C8E09 /* primusApp.swift in Sources */,
				6D66160D2C2F28E900CEB79B /* MainNavigationView.swift in Sources */,
				6D66160F2C2F28E900CEB79B /* MainView.swift in Sources */,
				6D6616102C2F28E900CEB79B /* MainTabView.swift in Sources */,
				6D6616112C2F28E900CEB79B /* MainTabBarView.swift in Sources */,
				6D0811BC2C2EB400009B3894 /* TransportBusUseCase.swift in Sources */,
				6D0811C92C2ECA24009B3894 /* BusAPIResponse.swift in Sources */,
				6D847C7B2C2C6E69002C8E09 /* StatusCheckMainView.swift in Sources */,
				6D0811CB2C2EF838009B3894 /* StationAPIResponse.swift in Sources */,
				6D847C732C2C6A5D002C8E09 /* MainTabStore.swift in Sources */,
				6D6616162C2F290100CEB79B /* NaverMap.swift in Sources */,
				6D4C2FCD2C3058EB009CC4E7 /* BusRouteReducer.swift in Sources */,
				6D6616182C2F290100CEB79B /* TransportMainView.swift in Sources */,
				6DFF6CD62C2F341900D12097 /* Coordinator.swift in Sources */,
			);
			runOnlyForDeploymentPostprocessing = 0;
		};
		6D847C472C2C5A8E002C8E09 /* Sources */ = {
			isa = PBXSourcesBuildPhase;
			buildActionMask = 2147483647;
			files = (
				6D0811C12C2EBDFB009B3894 /* TransportBusUseCaseTests.swift in Sources */,
				6D847C502C2C5A8E002C8E09 /* primusTests.swift in Sources */,
				6D4C2FCB2C30036E009CC4E7 /* PrimusTests.swift in Sources */,
			);
			runOnlyForDeploymentPostprocessing = 0;
		};
		6D847C512C2C5A8E002C8E09 /* Sources */ = {
			isa = PBXSourcesBuildPhase;
			buildActionMask = 2147483647;
			files = (
				6D847C5C2C2C5A8E002C8E09 /* primusUITestsLaunchTests.swift in Sources */,
				6D847C5A2C2C5A8E002C8E09 /* primusUITests.swift in Sources */,
			);
			runOnlyForDeploymentPostprocessing = 0;
		};
/* End PBXSourcesBuildPhase section */

/* Begin PBXTargetDependency section */
		6D847C4D2C2C5A8E002C8E09 /* PBXTargetDependency */ = {
			isa = PBXTargetDependency;
			target = 6D847C382C2C5A8C002C8E09 /* primus */;
			targetProxy = 6D847C4C2C2C5A8E002C8E09 /* PBXContainerItemProxy */;
		};
		6D847C572C2C5A8E002C8E09 /* PBXTargetDependency */ = {
			isa = PBXTargetDependency;
			target = 6D847C382C2C5A8C002C8E09 /* primus */;
			targetProxy = 6D847C562C2C5A8E002C8E09 /* PBXContainerItemProxy */;
		};
/* End PBXTargetDependency section */

/* Begin XCBuildConfiguration section */
		6D847C5D2C2C5A8E002C8E09 /* Debug */ = {
			isa = XCBuildConfiguration;
			baseConfigurationReference = 6D2AE6932C2EA3F900D2F841 /* Secret.xcconfig */;
			buildSettings = {
				ALWAYS_SEARCH_USER_PATHS = NO;
				ASSETCATALOG_COMPILER_GENERATE_SWIFT_ASSET_SYMBOL_EXTENSIONS = YES;
				CLANG_ANALYZER_NONNULL = YES;
				CLANG_ANALYZER_NUMBER_OBJECT_CONVERSION = YES_AGGRESSIVE;
				CLANG_CXX_LANGUAGE_STANDARD = "gnu++20";
				CLANG_ENABLE_MODULES = YES;
				CLANG_ENABLE_OBJC_ARC = YES;
				CLANG_ENABLE_OBJC_WEAK = YES;
				CLANG_WARN_BLOCK_CAPTURE_AUTORELEASING = YES;
				CLANG_WARN_BOOL_CONVERSION = YES;
				CLANG_WARN_COMMA = YES;
				CLANG_WARN_CONSTANT_CONVERSION = YES;
				CLANG_WARN_DEPRECATED_OBJC_IMPLEMENTATIONS = YES;
				CLANG_WARN_DIRECT_OBJC_ISA_USAGE = YES_ERROR;
				CLANG_WARN_DOCUMENTATION_COMMENTS = YES;
				CLANG_WARN_EMPTY_BODY = YES;
				CLANG_WARN_ENUM_CONVERSION = YES;
				CLANG_WARN_INFINITE_RECURSION = YES;
				CLANG_WARN_INT_CONVERSION = YES;
				CLANG_WARN_NON_LITERAL_NULL_CONVERSION = YES;
				CLANG_WARN_OBJC_IMPLICIT_RETAIN_SELF = YES;
				CLANG_WARN_OBJC_LITERAL_CONVERSION = YES;
				CLANG_WARN_OBJC_ROOT_CLASS = YES_ERROR;
				CLANG_WARN_QUOTED_INCLUDE_IN_FRAMEWORK_HEADER = YES;
				CLANG_WARN_RANGE_LOOP_ANALYSIS = YES;
				CLANG_WARN_STRICT_PROTOTYPES = YES;
				CLANG_WARN_SUSPICIOUS_MOVE = YES;
				CLANG_WARN_UNGUARDED_AVAILABILITY = YES_AGGRESSIVE;
				CLANG_WARN_UNREACHABLE_CODE = YES;
				CLANG_WARN__DUPLICATE_METHOD_MATCH = YES;
				COPY_PHASE_STRIP = NO;
				DEBUG_INFORMATION_FORMAT = dwarf;
				ENABLE_STRICT_OBJC_MSGSEND = YES;
				ENABLE_TESTABILITY = YES;
				ENABLE_USER_SCRIPT_SANDBOXING = YES;
				GCC_C_LANGUAGE_STANDARD = gnu17;
				GCC_DYNAMIC_NO_PIC = NO;
				GCC_NO_COMMON_BLOCKS = YES;
				GCC_OPTIMIZATION_LEVEL = 0;
				GCC_PREPROCESSOR_DEFINITIONS = (
					"DEBUG=1",
					"$(inherited)",
				);
				GCC_WARN_64_TO_32_BIT_CONVERSION = YES;
				GCC_WARN_ABOUT_RETURN_TYPE = YES_ERROR;
				GCC_WARN_UNDECLARED_SELECTOR = YES;
				GCC_WARN_UNINITIALIZED_AUTOS = YES_AGGRESSIVE;
				GCC_WARN_UNUSED_FUNCTION = YES;
				GCC_WARN_UNUSED_VARIABLE = YES;
				IPHONEOS_DEPLOYMENT_TARGET = 18.0;
				LOCALIZATION_PREFERS_STRING_CATALOGS = YES;
				MTL_ENABLE_DEBUG_INFO = INCLUDE_SOURCE;
				MTL_FAST_MATH = YES;
				ONLY_ACTIVE_ARCH = YES;
				SDKROOT = iphoneos;
				SWIFT_ACTIVE_COMPILATION_CONDITIONS = "DEBUG $(inherited)";
				SWIFT_OPTIMIZATION_LEVEL = "-Onone";
			};
			name = Debug;
		};
		6D847C5E2C2C5A8E002C8E09 /* Release */ = {
			isa = XCBuildConfiguration;
			baseConfigurationReference = 6D2AE6932C2EA3F900D2F841 /* Secret.xcconfig */;
			buildSettings = {
				ALWAYS_SEARCH_USER_PATHS = NO;
				ASSETCATALOG_COMPILER_GENERATE_SWIFT_ASSET_SYMBOL_EXTENSIONS = YES;
				CLANG_ANALYZER_NONNULL = YES;
				CLANG_ANALYZER_NUMBER_OBJECT_CONVERSION = YES_AGGRESSIVE;
				CLANG_CXX_LANGUAGE_STANDARD = "gnu++20";
				CLANG_ENABLE_MODULES = YES;
				CLANG_ENABLE_OBJC_ARC = YES;
				CLANG_ENABLE_OBJC_WEAK = YES;
				CLANG_WARN_BLOCK_CAPTURE_AUTORELEASING = YES;
				CLANG_WARN_BOOL_CONVERSION = YES;
				CLANG_WARN_COMMA = YES;
				CLANG_WARN_CONSTANT_CONVERSION = YES;
				CLANG_WARN_DEPRECATED_OBJC_IMPLEMENTATIONS = YES;
				CLANG_WARN_DIRECT_OBJC_ISA_USAGE = YES_ERROR;
				CLANG_WARN_DOCUMENTATION_COMMENTS = YES;
				CLANG_WARN_EMPTY_BODY = YES;
				CLANG_WARN_ENUM_CONVERSION = YES;
				CLANG_WARN_INFINITE_RECURSION = YES;
				CLANG_WARN_INT_CONVERSION = YES;
				CLANG_WARN_NON_LITERAL_NULL_CONVERSION = YES;
				CLANG_WARN_OBJC_IMPLICIT_RETAIN_SELF = YES;
				CLANG_WARN_OBJC_LITERAL_CONVERSION = YES;
				CLANG_WARN_OBJC_ROOT_CLASS = YES_ERROR;
				CLANG_WARN_QUOTED_INCLUDE_IN_FRAMEWORK_HEADER = YES;
				CLANG_WARN_RANGE_LOOP_ANALYSIS = YES;
				CLANG_WARN_STRICT_PROTOTYPES = YES;
				CLANG_WARN_SUSPICIOUS_MOVE = YES;
				CLANG_WARN_UNGUARDED_AVAILABILITY = YES_AGGRESSIVE;
				CLANG_WARN_UNREACHABLE_CODE = YES;
				CLANG_WARN__DUPLICATE_METHOD_MATCH = YES;
				COPY_PHASE_STRIP = NO;
				DEBUG_INFORMATION_FORMAT = "dwarf-with-dsym";
				ENABLE_NS_ASSERTIONS = NO;
				ENABLE_STRICT_OBJC_MSGSEND = YES;
				ENABLE_USER_SCRIPT_SANDBOXING = YES;
				GCC_C_LANGUAGE_STANDARD = gnu17;
				GCC_NO_COMMON_BLOCKS = YES;
				GCC_WARN_64_TO_32_BIT_CONVERSION = YES;
				GCC_WARN_ABOUT_RETURN_TYPE = YES_ERROR;
				GCC_WARN_UNDECLARED_SELECTOR = YES;
				GCC_WARN_UNINITIALIZED_AUTOS = YES_AGGRESSIVE;
				GCC_WARN_UNUSED_FUNCTION = YES;
				GCC_WARN_UNUSED_VARIABLE = YES;
				IPHONEOS_DEPLOYMENT_TARGET = 18.0;
				LOCALIZATION_PREFERS_STRING_CATALOGS = YES;
				MTL_ENABLE_DEBUG_INFO = NO;
				MTL_FAST_MATH = YES;
				SDKROOT = iphoneos;
				SWIFT_COMPILATION_MODE = wholemodule;
				VALIDATE_PRODUCT = YES;
			};
			name = Release;
		};
		6D847C602C2C5A8E002C8E09 /* Debug */ = {
			isa = XCBuildConfiguration;
			buildSettings = {
				ASSETCATALOG_COMPILER_APPICON_NAME = AppIcon;
				ASSETCATALOG_COMPILER_GLOBAL_ACCENT_COLOR_NAME = AccentColor;
				CODE_SIGN_STYLE = Automatic;
				CURRENT_PROJECT_VERSION = 1;
				DEVELOPMENT_ASSET_PATHS = "\"primus/Preview Content\"";
				DEVELOPMENT_TEAM = 695C73WCLD;
				ENABLE_PREVIEWS = YES;
				GENERATE_INFOPLIST_FILE = YES;
				INFOPLIST_FILE = primus/Info.plist;
				INFOPLIST_KEY_LSApplicationCategoryType = "";
				INFOPLIST_KEY_UIApplicationSceneManifest_Generation = YES;
				INFOPLIST_KEY_UIApplicationSupportsIndirectInputEvents = YES;
				INFOPLIST_KEY_UILaunchScreen_Generation = YES;
				INFOPLIST_KEY_UISupportedInterfaceOrientations_iPad = "UIInterfaceOrientationPortrait UIInterfaceOrientationPortraitUpsideDown UIInterfaceOrientationLandscapeLeft UIInterfaceOrientationLandscapeRight";
				INFOPLIST_KEY_UISupportedInterfaceOrientations_iPhone = "UIInterfaceOrientationPortrait UIInterfaceOrientationLandscapeLeft UIInterfaceOrientationLandscapeRight";
				LD_RUNPATH_SEARCH_PATHS = (
					"$(inherited)",
					"@executable_path/Frameworks",
				);
				MARKETING_VERSION = 1.0;
				PRODUCT_BUNDLE_IDENTIFIER = com.aeioudev.primus;
				PRODUCT_NAME = "$(TARGET_NAME)";
				SWIFT_EMIT_LOC_STRINGS = YES;
				SWIFT_VERSION = 5.0;
				TARGETED_DEVICE_FAMILY = "1,2";
			};
			name = Debug;
		};
		6D847C612C2C5A8E002C8E09 /* Release */ = {
			isa = XCBuildConfiguration;
			buildSettings = {
				ASSETCATALOG_COMPILER_APPICON_NAME = AppIcon;
				ASSETCATALOG_COMPILER_GLOBAL_ACCENT_COLOR_NAME = AccentColor;
				CODE_SIGN_STYLE = Automatic;
				CURRENT_PROJECT_VERSION = 1;
				DEVELOPMENT_ASSET_PATHS = "\"primus/Preview Content\"";
				DEVELOPMENT_TEAM = 695C73WCLD;
				ENABLE_PREVIEWS = YES;
				GENERATE_INFOPLIST_FILE = YES;
				INFOPLIST_FILE = primus/Info.plist;
				INFOPLIST_KEY_LSApplicationCategoryType = "";
				INFOPLIST_KEY_UIApplicationSceneManifest_Generation = YES;
				INFOPLIST_KEY_UIApplicationSupportsIndirectInputEvents = YES;
				INFOPLIST_KEY_UILaunchScreen_Generation = YES;
				INFOPLIST_KEY_UISupportedInterfaceOrientations_iPad = "UIInterfaceOrientationPortrait UIInterfaceOrientationPortraitUpsideDown UIInterfaceOrientationLandscapeLeft UIInterfaceOrientationLandscapeRight";
				INFOPLIST_KEY_UISupportedInterfaceOrientations_iPhone = "UIInterfaceOrientationPortrait UIInterfaceOrientationLandscapeLeft UIInterfaceOrientationLandscapeRight";
				LD_RUNPATH_SEARCH_PATHS = (
					"$(inherited)",
					"@executable_path/Frameworks",
				);
				MARKETING_VERSION = 1.0;
				PRODUCT_BUNDLE_IDENTIFIER = com.aeioudev.primus;
				PRODUCT_NAME = "$(TARGET_NAME)";
				SWIFT_EMIT_LOC_STRINGS = YES;
				SWIFT_VERSION = 5.0;
				TARGETED_DEVICE_FAMILY = "1,2";
			};
			name = Release;
		};
		6D847C632C2C5A8E002C8E09 /* Debug */ = {
			isa = XCBuildConfiguration;
			buildSettings = {
				BUNDLE_LOADER = "$(TEST_HOST)";
				CODE_SIGN_STYLE = Automatic;
				CURRENT_PROJECT_VERSION = 1;
				DEVELOPMENT_TEAM = 695C73WCLD;
				GENERATE_INFOPLIST_FILE = YES;
				IPHONEOS_DEPLOYMENT_TARGET = 18.0;
				MARKETING_VERSION = 1.0;
				PRODUCT_BUNDLE_IDENTIFIER = com.aeioudev.primusTests;
				PRODUCT_NAME = "$(TARGET_NAME)";
				SWIFT_EMIT_LOC_STRINGS = NO;
				SWIFT_VERSION = 5.0;
				TARGETED_DEVICE_FAMILY = "1,2";
				TEST_HOST = "$(BUILT_PRODUCTS_DIR)/primus.app/$(BUNDLE_EXECUTABLE_FOLDER_PATH)/primus";
			};
			name = Debug;
		};
		6D847C642C2C5A8E002C8E09 /* Release */ = {
			isa = XCBuildConfiguration;
			buildSettings = {
				BUNDLE_LOADER = "$(TEST_HOST)";
				CODE_SIGN_STYLE = Automatic;
				CURRENT_PROJECT_VERSION = 1;
				DEVELOPMENT_TEAM = 695C73WCLD;
				GENERATE_INFOPLIST_FILE = YES;
				IPHONEOS_DEPLOYMENT_TARGET = 18.0;
				MARKETING_VERSION = 1.0;
				PRODUCT_BUNDLE_IDENTIFIER = com.aeioudev.primusTests;
				PRODUCT_NAME = "$(TARGET_NAME)";
				SWIFT_EMIT_LOC_STRINGS = NO;
				SWIFT_VERSION = 5.0;
				TARGETED_DEVICE_FAMILY = "1,2";
				TEST_HOST = "$(BUILT_PRODUCTS_DIR)/primus.app/$(BUNDLE_EXECUTABLE_FOLDER_PATH)/primus";
			};
			name = Release;
		};
		6D847C662C2C5A8E002C8E09 /* Debug */ = {
			isa = XCBuildConfiguration;
			buildSettings = {
				CODE_SIGN_STYLE = Automatic;
				CURRENT_PROJECT_VERSION = 1;
				DEVELOPMENT_TEAM = 695C73WCLD;
				GENERATE_INFOPLIST_FILE = YES;
				MARKETING_VERSION = 1.0;
				PRODUCT_BUNDLE_IDENTIFIER = com.aeioudev.primusUITests;
				PRODUCT_NAME = "$(TARGET_NAME)";
				SWIFT_EMIT_LOC_STRINGS = NO;
				SWIFT_VERSION = 5.0;
				TARGETED_DEVICE_FAMILY = "1,2";
				TEST_TARGET_NAME = primus;
			};
			name = Debug;
		};
		6D847C672C2C5A8E002C8E09 /* Release */ = {
			isa = XCBuildConfiguration;
			buildSettings = {
				CODE_SIGN_STYLE = Automatic;
				CURRENT_PROJECT_VERSION = 1;
				DEVELOPMENT_TEAM = 695C73WCLD;
				GENERATE_INFOPLIST_FILE = YES;
				MARKETING_VERSION = 1.0;
				PRODUCT_BUNDLE_IDENTIFIER = com.aeioudev.primusUITests;
				PRODUCT_NAME = "$(TARGET_NAME)";
				SWIFT_EMIT_LOC_STRINGS = NO;
				SWIFT_VERSION = 5.0;
				TARGETED_DEVICE_FAMILY = "1,2";
				TEST_TARGET_NAME = primus;
			};
			name = Release;
		};
/* End XCBuildConfiguration section */

/* Begin XCConfigurationList section */
		6D847C342C2C5A8C002C8E09 /* Build configuration list for PBXProject "primus" */ = {
			isa = XCConfigurationList;
			buildConfigurations = (
				6D847C5D2C2C5A8E002C8E09 /* Debug */,
				6D847C5E2C2C5A8E002C8E09 /* Release */,
			);
			defaultConfigurationIsVisible = 0;
			defaultConfigurationName = Release;
		};
		6D847C5F2C2C5A8E002C8E09 /* Build configuration list for PBXNativeTarget "primus" */ = {
			isa = XCConfigurationList;
			buildConfigurations = (
				6D847C602C2C5A8E002C8E09 /* Debug */,
				6D847C612C2C5A8E002C8E09 /* Release */,
			);
			defaultConfigurationIsVisible = 0;
			defaultConfigurationName = Release;
		};
		6D847C622C2C5A8E002C8E09 /* Build configuration list for PBXNativeTarget "primusTests" */ = {
			isa = XCConfigurationList;
			buildConfigurations = (
				6D847C632C2C5A8E002C8E09 /* Debug */,
				6D847C642C2C5A8E002C8E09 /* Release */,
			);
			defaultConfigurationIsVisible = 0;
			defaultConfigurationName = Release;
		};
		6D847C652C2C5A8E002C8E09 /* Build configuration list for PBXNativeTarget "primusUITests" */ = {
			isa = XCConfigurationList;
			buildConfigurations = (
				6D847C662C2C5A8E002C8E09 /* Debug */,
				6D847C672C2C5A8E002C8E09 /* Release */,
			);
			defaultConfigurationIsVisible = 0;
			defaultConfigurationName = Release;
		};
/* End XCConfigurationList section */

/* Begin XCRemoteSwiftPackageReference section */
		6D6616042C2F288F00CEB79B /* XCRemoteSwiftPackageReference "KakaoMapsSDK-SPM" */ = {
			isa = XCRemoteSwiftPackageReference;
			repositoryURL = "https://github.com/kakao-mapsSDK/KakaoMapsSDK-SPM.git";
			requirement = {
				kind = upToNextMajorVersion;
				minimumVersion = 2.10.5;
			};
		};
		6D847C692C2C5CB2002C8E09 /* XCRemoteSwiftPackageReference "swift-composable-architecture" */ = {
			isa = XCRemoteSwiftPackageReference;
			repositoryURL = "https://github.com/pointfreeco/swift-composable-architecture";
			requirement = {
				kind = upToNextMajorVersion;
				minimumVersion = 1.11.2;
			};
		};
		6DFF6CD42C2F335600D12097 /* XCRemoteSwiftPackageReference "NMapsMap" */ = {
			isa = XCRemoteSwiftPackageReference;
			repositoryURL = "https://github.com/jaemyeong/NMapsMap.git";
			requirement = {
				kind = upToNextMajorVersion;
				minimumVersion = 3.17.0;
			};
		};
/* End XCRemoteSwiftPackageReference section */

/* Begin XCSwiftPackageProductDependency section */
		6D6616052C2F288F00CEB79B /* KakaoMapsSDK-SPM */ = {
			isa = XCSwiftPackageProductDependency;
			package = 6D6616042C2F288F00CEB79B /* XCRemoteSwiftPackageReference "KakaoMapsSDK-SPM" */;
			productName = "KakaoMapsSDK-SPM";
		};
		6D847C6B2C2C5CC9002C8E09 /* ComposableArchitecture */ = {
			isa = XCSwiftPackageProductDependency;
			package = 6D847C692C2C5CB2002C8E09 /* XCRemoteSwiftPackageReference "swift-composable-architecture" */;
			productName = ComposableArchitecture;
		};
		6DFF6CD72C2F345100D12097 /* NMapsMap */ = {
			isa = XCSwiftPackageProductDependency;
			package = 6DFF6CD42C2F335600D12097 /* XCRemoteSwiftPackageReference "NMapsMap" */;
			productName = NMapsMap;
		};
/* End XCSwiftPackageProductDependency section */
	};
	rootObject = 6D847C312C2C5A8C002C8E09 /* Project object */;
}
